
Microsoft Visual Studio Solution File, Format Version 12.00
Project("{FAE04EC0-301F-11D3-BF4B-00C04F79EFBC}") = "FileManager", "FileManager.csproj", "{05CC8BEF-1A73-4001-BFDC-DB6EA7A44251}"
EndProject
Global
	GlobalSection(SolutionConfigurationPlatforms) = preSolution
		Debug|Any CPU = Debug|Any CPU
		Release|Any CPU = Release|Any CPU
	EndGlobalSection
	GlobalSection(ProjectConfigurationPlatforms) = postSolution
		{05CC8BEF-1A73-4001-BFDC-DB6EA7A44251}.Debug|Any CPU.ActiveCfg = Debug|Any CPU
		{05CC8BEF-1A73-4001-BFDC-DB6EA7A44251}.Debug|Any CPU.Build.0 = Debug|Any CPU
		{05CC8BEF-1A73-4001-BFDC-DB6EA7A44251}.Release|Any CPU.ActiveCfg = Release|Any CPU
		{05CC8BEF-1A73-4001-BFDC-DB6EA7A44251}.Release|Any CPU.Build.0 = Release|Any CPU
	EndGlobalSection
EndGlobal
